
Microsoft Visual Studio Solution File, Format Version 12.00
# Visual Studio Version 16
VisualStudioVersion = 16.0.29728.190
MinimumVisualStudioVersion = 10.0.40219.1
Project("{FAE04EC0-301F-11D3-BF4B-00C04F79EFBC}") = "api", "api\api.csproj", "{11382213-05E2-47D5-AB57-4D8090E5861B}"
EndProject
Project("{FAE04EC0-301F-11D3-BF4B-00C04F79EFBC}") = "api.Tests", "api.Tests\api.Tests.csproj", "{BA81BA97-8A7C-4045-AB44-8A3654EC3294}"
EndProject
Global
	GlobalSection(SolutionConfigurationPlatforms) = preSolution
		Debug|Any CPU = Debug|Any CPU
		Release|Any CPU = Release|Any CPU
	EndGlobalSection
	GlobalSection(ProjectConfigurationPlatforms) = postSolution
		{11382213-05E2-47D5-AB57-4D8090E5861B}.Debug|Any CPU.ActiveCfg = Debug|Any CPU
		{11382213-05E2-47D5-AB57-4D8090E5861B}.Debug|Any CPU.Build.0 = Debug|Any CPU
		{11382213-05E2-47D5-AB57-4D8090E5861B}.Release|Any CPU.ActiveCfg = Release|Any CPU
		{11382213-05E2-47D5-AB57-4D8090E5861B}.Release|Any CPU.Build.0 = Release|Any CPU
		{BA81BA97-8A7C-4045-AB44-8A3654EC3294}.Debug|Any CPU.ActiveCfg = Debug|Any CPU
		{BA81BA97-8A7C-4045-AB44-8A3654EC3294}.Release|Any CPU.ActiveCfg = Release|Any CPU
		{BA81BA97-8A7C-4045-AB44-8A3654EC3294}.Release|Any CPU.Build.0 = Release|Any CPU
	EndGlobalSection
	GlobalSection(SolutionProperties) = preSolution
		HideSolutionNode = FALSE
	EndGlobalSection
	GlobalSection(ExtensibilityGlobals) = postSolution
		SolutionGuid = {5F1EC656-9D2F-4876-96B0-E71FAD12CA6C}
	EndGlobalSection
EndGlobal
